// !$*UTF8*$!
{
	archiveVersion = 1;
	classes = {
	};
	objectVersion = 77;
	objects = {

/* Begin PBXBuildFile section */
		71F754032FFB66A6002FDBC2 /* FirebaseAnalytics in Frameworks */ = {isa = PBXBuildFile; productRef = AB0000000000000000000010 /* FirebaseAnalytics */; };
		71F754042FFB66A6002FDBC2 /* FirebaseCrashlytics in Frameworks */ = {isa = PBXBuildFile; productRef = AB0000000000000000000011 /* FirebaseCrashlytics */; };
		AB000000000000000000000C /* RevenueCat in Frameworks */ = {isa = PBXBuildFile; productRef = AB000000000000000000000E /* RevenueCat */; };
		AB0000000000000000000014 /* Lottie in Frameworks */ = {isa = PBXBuildFile; productRef = AB0000000000000000000013 /* Lottie */; };
		AB0000000000000000000017 /* GoogleMobileAds in Frameworks */ = {isa = PBXBuildFile; productRef = AB0000000000000000000016 /* GoogleMobileAds */; };
/* End PBXBuildFile section */

/* Begin PBXContainerItemProxy section */
		AB000000000000000000000B /* PBXContainerItemProxy */ = {
			isa = PBXContainerItemProxy;
			containerPortal = 71F74BB82FF3C65C002FDBC2 /* Project object */;
			proxyType = 1;
			remoteGlobalIDString = 71F74BBF2FF3C65C002FDBC2;
			remoteInfo = gpscamera;
		};
/* End PBXContainerItemProxy section */

/* Begin PBXFileReference section */
		71F74BC02FF3C65C002FDBC2 /* gpscamera.app */ = {isa = PBXFileReference; explicitFileType = wrapper.application; includeInIndex = 0; path = gpscamera.app; sourceTree = BUILT_PRODUCTS_DIR; };
		AB0000000000000000000002 /* gpscameraTests.xctest */ = {isa = PBXFileReference; explicitFileType = wrapper.cfbundle; includeInIndex = 0; path = gpscameraTests.xctest; sourceTree = BUILT_PRODUCTS_DIR; };
/* End PBXFileReference section */

/* Begin PBXFileSystemSynchronizedBuildFileExceptionSet section */
		AB0000000000000000000018 /* Exceptions for "gpscamera" folder in "gpscamera" target */ = {
			isa = PBXFileSystemSynchronizedBuildFileExceptionSet;
			membershipExceptions = (
				Info.plist,
			);
			target = 71F74BBF2FF3C65C002FDBC2 /* gpscamera */;
		};
/* End PBXFileSystemSynchronizedBuildFileExceptionSet section */

/* Begin PBXFileSystemSynchronizedRootGroup section */
		71F74BC22FF3C65C002FDBC2 /* gpscamera */ = {
			isa = PBXFileSystemSynchronizedRootGroup;
			exceptions = (
				AB0000000000000000000018 /* Exceptions for "gpscamera" folder in "gpscamera" target */,
			);
			path = gpscamera;
			sourceTree = "<group>";
		};
		AB0000000000000000000006 /* gpscameraTests */ = {
			isa = PBXFileSystemSynchronizedRootGroup;
			path = gpscameraTests;
			sourceTree = "<group>";
		};
/* End PBXFileSystemSynchronizedRootGroup section */

/* Begin PBXFrameworksBuildPhase section */
		71F74BBD2FF3C65C002FDBC2 /* Frameworks */ = {
			isa = PBXFrameworksBuildPhase;
			buildActionMask = 2147483647;
			files = (
				71F754042FFB66A6002FDBC2 /* FirebaseCrashlytics in Frameworks */,
				71F754032FFB66A6002FDBC2 /* FirebaseAnalytics in Frameworks */,
				AB000000000000000000000C /* RevenueCat in Frameworks */,
				AB0000000000000000000014 /* Lottie in Frameworks */,
				AB0000000000000000000017 /* GoogleMobileAds in Frameworks */,
			);
			runOnlyForDeploymentPostprocessing = 0;
		};
		AB0000000000000000000004 /* Frameworks */ = {
			isa = PBXFrameworksBuildPhase;
			buildActionMask = 2147483647;
			files = (
			);
			runOnlyForDeploymentPostprocessing = 0;
		};
/* End PBXFrameworksBuildPhase section */

/* Begin PBXGroup section */
		71F74BB72FF3C65C002FDBC2 = {
			isa = PBXGroup;
			children = (
				71F74BC22FF3C65C002FDBC2 /* gpscamera */,
				AB0000000000000000000006 /* gpscameraTests */,
				71F74BC12FF3C65C002FDBC2 /* Products */,
			);
			sourceTree = "<group>";
		};
		71F74BC12FF3C65C002FDBC2 /* Products */ = {
			isa = PBXGroup;
			children = (
				71F74BC02FF3C65C002FDBC2 /* gpscamera.app */,
				AB0000000000000000000002 /* gpscameraTests.xctest */,
			);
			name = Products;
			sourceTree = "<group>";
		};
/* End PBXGroup section */

/* Begin PBXNativeTarget section */
		71F74BBF2FF3C65C002FDBC2 /* gpscamera */ = {
			isa = PBXNativeTarget;
			buildConfigurationList = 71F74BCB2FF3C65D002FDBC2 /* Build configuration list for PBXNativeTarget "gpscamera" */;
			buildPhases = (
				71F74BBC2FF3C65C002FDBC2 /* Sources */,
				71F74BBD2FF3C65C002FDBC2 /* Frameworks */,
				71F74BBE2FF3C65C002FDBC2 /* Resources */,
				71F754052FFB66A6002FDBC2 /* Upload Crashlytics dSYMs */,
			);
			buildRules = (
			);
			dependencies = (
			);
			fileSystemSynchronizedGroups = (
				71F74BC22FF3C65C002FDBC2 /* gpscamera */,
			);
			name = gpscamera;
			packageProductDependencies = (
				AB000000000000000000000E /* RevenueCat */,
				AB0000000000000000000010 /* FirebaseAnalytics */,
				AB0000000000000000000011 /* FirebaseCrashlytics */,
				AB0000000000000000000013 /* Lottie */,
				AB0000000000000000000016 /* GoogleMobileAds */,
			);
			productName = gpscamera;
			productReference = 71F74BC02FF3C65C002FDBC2 /* gpscamera.app */;
			productType = "com.apple.product-type.application";
		};
		AB0000000000000000000001 /* gpscameraTests */ = {
			isa = PBXNativeTarget;
			buildConfigurationList = AB0000000000000000000009 /* Build configuration list for PBXNativeTarget "gpscameraTests" */;
			buildPhases = (
				AB0000000000000000000003 /* Sources */,
				AB0000000000000000000004 /* Frameworks */,
				AB0000000000000000000005 /* Resources */,
			);
			buildRules = (
			);
			dependencies = (
				AB000000000000000000000A /* PBXTargetDependency */,
			);
			fileSystemSynchronizedGroups = (
				AB0000000000000000000006 /* gpscameraTests */,
			);
			name = gpscameraTests;
			packageProductDependencies = (
			);
			productName = gpscameraTests;
			productReference = AB0000000000000000000002 /* gpscameraTests.xctest */;
			productType = "com.apple.product-type.bundle.unit-test";
		};
/* End PBXNativeTarget section */

/* Begin PBXProject section */
		71F74BB82FF3C65C002FDBC2 /* Project object */ = {
			isa = PBXProject;
			attributes = {
				BuildIndependentTargetsInParallel = 1;
				LastSwiftUpdateCheck = 2660;
				LastUpgradeCheck = 2660;
				TargetAttributes = {
					71F74BBF2FF3C65C002FDBC2 = {
						CreatedOnToolsVersion = 26.6;
					};
					AB0000000000000000000001 = {
						CreatedOnToolsVersion = 26.6;
						TestTargetID = 71F74BBF2FF3C65C002FDBC2;
					};
				};
			};
			buildConfigurationList = 71F74BBB2FF3C65C002FDBC2 /* Build configuration list for PBXProject "gpscamera" */;
			developmentRegion = en;
			hasScannedForEncodings = 0;
			knownRegions = (
				en,
				Base,
				ko,
				ja,
				"zh-Hans",
				"zh-Hant",
				es,
				"pt-BR",
				de,
				fr,
				it,
				ru,
				nl,
				sv,
				da,
				nb,
				fi,
				pl,
				tr,
				ar,
				he,
				hi,
				th,
				vi,
				id,
				ms,
				cs,
				el,
				uk,
				ro,
				hu,
			);
			mainGroup = 71F74BB72FF3C65C002FDBC2;
			minimizedProjectReferenceProxies = 1;
			packageReferences = (
				AB000000000000000000000D /* XCRemoteSwiftPackageReference "purchases-ios-spm" */,
				AB000000000000000000000F /* XCRemoteSwiftPackageReference "firebase-ios-sdk" */,
				AB0000000000000000000012 /* XCRemoteSwiftPackageReference "lottie-ios" */,
				AB0000000000000000000015 /* XCRemoteSwiftPackageReference "swift-package-manager-google-mobile-ads" */,
			);
			preferredProjectObjectVersion = 77;
			productRefGroup = 71F74BC12FF3C65C002FDBC2 /* Products */;
			projectDirPath = "";
			projectRoot = "";
			targets = (
				71F74BBF2FF3C65C002FDBC2 /* gpscamera */,
				AB0000000000000000000001 /* gpscameraTests */,
			);
		};
/* End PBXProject section */

/* Begin PBXResourcesBuildPhase section */
		71F74BBE2FF3C65C002FDBC2 /* Resources */ = {
			isa = PBXResourcesBuildPhase;
			buildActionMask = 2147483647;
			files = (
			);
			runOnlyForDeploymentPostprocessing = 0;
		};
		AB0000000000000000000005 /* Resources */ = {
			isa = PBXResourcesBuildPhase;
			buildActionMask = 2147483647;
			files = (
			);
			runOnlyForDeploymentPostprocessing = 0;
		};
/* End PBXResourcesBuildPhase section */

/* Begin PBXShellScriptBuildPhase section */
		71F754052FFB66A6002FDBC2 /* Upload Crashlytics dSYMs */ = {
			isa = PBXShellScriptBuildPhase;
			buildActionMask = 2147483647;
			files = (
			);
			inputPaths = (
				"${DWARF_DSYM_FOLDER_PATH}/${DWARF_DSYM_FILE_NAME}",
				"${DWARF_DSYM_FOLDER_PATH}/${DWARF_DSYM_FILE_NAME}/Contents/Resources/DWARF/${TARGET_NAME}",
				"${DWARF_DSYM_FOLDER_PATH}/${DWARF_DSYM_FILE_NAME}/Contents/Info.plist",
				"$(TARGET_BUILD_DIR)/$(UNLOCALIZED_RESOURCES_FOLDER_PATH)/GoogleService-Info.plist",
				"$(TARGET_BUILD_DIR)/$(EXECUTABLE_PATH)",
			);
			name = "Upload Crashlytics dSYMs";
			outputPaths = (
			);
			runOnlyForDeploymentPostprocessing = 1;
			shellPath = /bin/sh;
			shellScript = "\"${BUILD_DIR%/Build/*}/SourcePackages/checkouts/firebase-ios-sdk/Crashlytics/run\"\n";
		};
/* End PBXShellScriptBuildPhase section */

/* Begin PBXSourcesBuildPhase section */
		71F74BBC2FF3C65C002FDBC2 /* Sources */ = {
			isa = PBXSourcesBuildPhase;
			buildActionMask = 2147483647;
			files = (
			);
			runOnlyForDeploymentPostprocessing = 0;
		};
		AB0000000000000000000003 /* Sources */ = {
			isa = PBXSourcesBuildPhase;
			buildActionMask = 2147483647;
			files = (
			);
			runOnlyForDeploymentPostprocessing = 0;
		};
/* End PBXSourcesBuildPhase section */

/* Begin PBXTargetDependency section */
		AB000000000000000000000A /* PBXTargetDependency */ = {
			isa = PBXTargetDependency;
			target = 71F74BBF2FF3C65C002FDBC2 /* gpscamera */;
			targetProxy = AB000000000000000000000B /* PBXContainerItemProxy */;
		};
/* End PBXTargetDependency section */

/* Begin XCBuildConfiguration section */
		71F74BC92FF3C65D002FDBC2 /* Debug */ = {
			isa = XCBuildConfiguration;
			buildSettings = {
				ALWAYS_SEARCH_USER_PATHS = NO;
				ASSETCATALOG_COMPILER_GENERATE_SWIFT_ASSET_SYMBOL_EXTENSIONS = YES;
				CLANG_ANALYZER_NONNULL = YES;
				CLANG_ANALYZER_NUMBER_OBJECT_CONVERSION = YES_AGGRESSIVE;
				CLANG_CXX_LANGUAGE_STANDARD = "gnu++20";
				CLANG_ENABLE_MODULES = YES;
				CLANG_ENABLE_OBJC_ARC = YES;
				CLANG_ENABLE_OBJC_WEAK = YES;
				CLANG_WARN_BLOCK_CAPTURE_AUTORELEASING = YES;
				CLANG_WARN_BOOL_CONVERSION = YES;
				CLANG_WARN_COMMA = YES;
				CLANG_WARN_CONSTANT_CONVERSION = YES;
				CLANG_WARN_DEPRECATED_OBJC_IMPLEMENTATIONS = YES;
				CLANG_WARN_DIRECT_OBJC_ISA_USAGE = YES_ERROR;
				CLANG_WARN_DOCUMENTATION_COMMENTS = YES;
				CLANG_WARN_EMPTY_BODY = YES;
				CLANG_WARN_ENUM_CONVERSION = YES;
				CLANG_WARN_INFINITE_RECURSION = YES;
				CLANG_WARN_INT_CONVERSION = YES;
				CLANG_WARN_NON_LITERAL_NULL_CONVERSION = YES;
				CLANG_WARN_OBJC_IMPLICIT_RETAIN_SELF = YES;
				CLANG_WARN_OBJC_LITERAL_CONVERSION = YES;
				CLANG_WARN_OBJC_ROOT_CLASS = YES_ERROR;
				CLANG_WARN_QUOTED_INCLUDE_IN_FRAMEWORK_HEADER = YES;
				CLANG_WARN_RANGE_LOOP_ANALYSIS = YES;
				CLANG_WARN_STRICT_PROTOTYPES = YES;
				CLANG_WARN_SUSPICIOUS_MOVE = YES;
				CLANG_WARN_UNGUARDED_AVAILABILITY = YES_AGGRESSIVE;
				CLANG_WARN_UNREACHABLE_CODE = YES;
				CLANG_WARN__DUPLICATE_METHOD_MATCH = YES;
				COPY_PHASE_STRIP = NO;
				DEBUG_INFORMATION_FORMAT = dwarf;
				DEVELOPMENT_TEAM = JT6WNXA7T8;
				ENABLE_STRICT_OBJC_MSGSEND = YES;
				ENABLE_TESTABILITY = YES;
				ENABLE_USER_SCRIPT_SANDBOXING = YES;
				GCC_C_LANGUAGE_STANDARD = gnu17;
				GCC_DYNAMIC_NO_PIC = NO;
				GCC_NO_COMMON_BLOCKS = YES;
				GCC_OPTIMIZATION_LEVEL = 0;
				GCC_PREPROCESSOR_DEFINITIONS = (
					"DEBUG=1",
					"$(inherited)",
				);
				GCC_WARN_64_TO_32_BIT_CONVERSION = YES;
				GCC_WARN_ABOUT_RETURN_TYPE = YES_ERROR;
				GCC_WARN_UNDECLARED_SELECTOR = YES;
				GCC_WARN_UNINITIALIZED_AUTOS = YES_AGGRESSIVE;
				GCC_WARN_UNUSED_FUNCTION = YES;
				GCC_WARN_UNUSED_VARIABLE = YES;
				IPHONEOS_DEPLOYMENT_TARGET = 26.5;
				LOCALIZATION_PREFERS_STRING_CATALOGS = YES;
				MTL_ENABLE_DEBUG_INFO = INCLUDE_SOURCE;
				MTL_FAST_MATH = YES;
				ONLY_ACTIVE_ARCH = YES;
				SDKROOT = iphoneos;
				SWIFT_ACTIVE_COMPILATION_CONDITIONS = "DEBUG $(inherited)";
				SWIFT_OPTIMIZATION_LEVEL = "-Onone";
			};
			name = Debug;
		};
		71F74BCA2FF3C65D002FDBC2 /* Release */ = {
			isa = XCBuildConfiguration;
			buildSettings = {
				ALWAYS_SEARCH_USER_PATHS = NO;
				ASSETCATALOG_COMPILER_GENERATE_SWIFT_ASSET_SYMBOL_EXTENSIONS = YES;
				CLANG_ANALYZER_NONNULL = YES;
				CLANG_ANALYZER_NUMBER_OBJECT_CONVERSION = YES_AGGRESSIVE;
				CLANG_CXX_LANGUAGE_STANDARD = "gnu++20";
				CLANG_ENABLE_MODULES = YES;
				CLANG_ENABLE_OBJC_ARC = YES;
				CLANG_ENABLE_OBJC_WEAK = YES;
				CLANG_WARN_BLOCK_CAPTURE_AUTORELEASING = YES;
				CLANG_WARN_BOOL_CONVERSION = YES;
				CLANG_WARN_COMMA = YES;
				CLANG_WARN_CONSTANT_CONVERSION = YES;
				CLANG_WARN_DEPRECATED_OBJC_IMPLEMENTATIONS = YES;
				CLANG_WARN_DIRECT_OBJC_ISA_USAGE = YES_ERROR;
				CLANG_WARN_DOCUMENTATION_COMMENTS = YES;
				CLANG_WARN_EMPTY_BODY = YES;
				CLANG_WARN_ENUM_CONVERSION = YES;
				CLANG_WARN_INFINITE_RECURSION = YES;
				CLANG_WARN_INT_CONVERSION = YES;
				CLANG_WARN_NON_LITERAL_NULL_CONVERSION = YES;
				CLANG_WARN_OBJC_IMPLICIT_RETAIN_SELF = YES;
				CLANG_WARN_OBJC_LITERAL_CONVERSION = YES;
				CLANG_WARN_OBJC_ROOT_CLASS = YES_ERROR;
				CLANG_WARN_QUOTED_INCLUDE_IN_FRAMEWORK_HEADER = YES;
				CLANG_WARN_RANGE_LOOP_ANALYSIS = YES;
				CLANG_WARN_STRICT_PROTOTYPES = YES;
				CLANG_WARN_SUSPICIOUS_MOVE = YES;
				CLANG_WARN_UNGUARDED_AVAILABILITY = YES_AGGRESSIVE;
				CLANG_WARN_UNREACHABLE_CODE = YES;
				CLANG_WARN__DUPLICATE_METHOD_MATCH = YES;
				COPY_PHASE_STRIP = NO;
				DEBUG_INFORMATION_FORMAT = "dwarf-with-dsym";
				DEVELOPMENT_TEAM = JT6WNXA7T8;
				ENABLE_NS_ASSERTIONS = NO;
				ENABLE_STRICT_OBJC_MSGSEND = YES;
				ENABLE_USER_SCRIPT_SANDBOXING = YES;
				GCC_C_LANGUAGE_STANDARD = gnu17;
				GCC_NO_COMMON_BLOCKS = YES;
				GCC_WARN_64_TO_32_BIT_CONVERSION = YES;
				GCC_WARN_ABOUT_RETURN_TYPE = YES_ERROR;
				GCC_WARN_UNDECLARED_SELECTOR = YES;
				GCC_WARN_UNINITIALIZED_AUTOS = YES_AGGRESSIVE;
				GCC_WARN_UNUSED_FUNCTION = YES;
				GCC_WARN_UNUSED_VARIABLE = YES;
				IPHONEOS_DEPLOYMENT_TARGET = 26.5;
				LOCALIZATION_PREFERS_STRING_CATALOGS = YES;
				MTL_ENABLE_DEBUG_INFO = NO;
				MTL_FAST_MATH = YES;
				SDKROOT = iphoneos;
				SWIFT_COMPILATION_MODE = wholemodule;
				VALIDATE_PRODUCT = YES;
			};
			name = Release;
		};
		71F74BCC2FF3C65D002FDBC2 /* Debug */ = {
			isa = XCBuildConfiguration;
			buildSettings = {
				ASSETCATALOG_COMPILER_APPICON_NAME = AppIcon;
				ASSETCATALOG_COMPILER_GLOBAL_ACCENT_COLOR_NAME = AccentColor;
				CODE_SIGN_STYLE = Automatic;
				CURRENT_PROJECT_VERSION = 1;
				DEVELOPMENT_TEAM = JT6WNXA7T8;
				ENABLE_PREVIEWS = YES;
				GENERATE_INFOPLIST_FILE = YES;
				INFOPLIST_FILE = gpscamera/Info.plist;
				INFOPLIST_KEY_CFBundleDisplayName = "GPS Camera";
				INFOPLIST_KEY_NSCameraUsageDescription = "GPS Camera uses the camera to take photos.";
				INFOPLIST_KEY_NSLocationWhenInUseUsageDescription = "GPS Camera uses your location to stamp photos and videos with GPS coordinates.";
				INFOPLIST_KEY_NSMicrophoneUsageDescription = "GPS Camera uses the microphone to record audio with your videos.";
				INFOPLIST_KEY_NSPhotoLibraryAddUsageDescription = "GPS Camera saves the photos it takes to your Camera Roll.";
				INFOPLIST_KEY_NSUserTrackingUsageDescription = "This lets us show ads that are more relevant to you.";
				INFOPLIST_KEY_UIApplicationSceneManifest_Generation = YES;
				INFOPLIST_KEY_UIApplicationSupportsIndirectInputEvents = YES;
				INFOPLIST_KEY_UILaunchScreen_Generation = YES;
				INFOPLIST_KEY_UISupportedInterfaceOrientations_iPad = "UIInterfaceOrientationPortrait UIInterfaceOrientationPortraitUpsideDown UIInterfaceOrientationLandscapeLeft UIInterfaceOrientationLandscapeRight";
				INFOPLIST_KEY_UISupportedInterfaceOrientations_iPhone = UIInterfaceOrientationPortrait;
				LD_RUNPATH_SEARCH_PATHS = (
					"$(inherited)",
					"@executable_path/Frameworks",
				);
				MARKETING_VERSION = 1.0;
				PRODUCT_BUNDLE_IDENTIFIER = com.raysuhyunlee.gpscamera;
				PRODUCT_NAME = "$(TARGET_NAME)";
				STRING_CATALOG_GENERATE_SYMBOLS = YES;
				SWIFT_APPROACHABLE_CONCURRENCY = YES;
				SWIFT_DEFAULT_ACTOR_ISOLATION = MainActor;
				SWIFT_EMIT_LOC_STRINGS = YES;
				SWIFT_UPCOMING_FEATURE_MEMBER_IMPORT_VISIBILITY = YES;
				SWIFT_VERSION = 5.0;
				TARGETED_DEVICE_FAMILY = "1,2";
			};
			name = Debug;
		};
		71F74BCD2FF3C65D002FDBC2 /* Release */ = {
			isa = XCBuildConfiguration;
			buildSettings = {
				ASSETCATALOG_COMPILER_APPICON_NAME = AppIcon;
				ASSETCATALOG_COMPILER_GLOBAL_ACCENT_COLOR_NAME = AccentColor;
				CODE_SIGN_STYLE = Automatic;
				CURRENT_PROJECT_VERSION = 1;
				DEVELOPMENT_TEAM = JT6WNXA7T8;
				ENABLE_PREVIEWS = YES;
				GENERATE_INFOPLIST_FILE = YES;
				INFOPLIST_FILE = gpscamera/Info.plist;
				INFOPLIST_KEY_CFBundleDisplayName = "GPS Camera";
				INFOPLIST_KEY_NSCameraUsageDescription = "GPS Camera uses the camera to take photos.";
				INFOPLIST_KEY_NSLocationWhenInUseUsageDescription = "GPS Camera uses your location to stamp photos and videos with GPS coordinates.";
				INFOPLIST_KEY_NSMicrophoneUsageDescription = "GPS Camera uses the microphone to record audio with your videos.";
				INFOPLIST_KEY_NSPhotoLibraryAddUsageDescription = "GPS Camera saves the photos it takes to your Camera Roll.";
				INFOPLIST_KEY_NSUserTrackingUsageDescription = "This lets us show ads that are more relevant to you.";
				INFOPLIST_KEY_UIApplicationSceneManifest_Generation = YES;
				INFOPLIST_KEY_UIApplicationSupportsIndirectInputEvents = YES;
				INFOPLIST_KEY_UILaunchScreen_Generation = YES;
				INFOPLIST_KEY_UISupportedInterfaceOrientations_iPad = "UIInterfaceOrientationPortrait UIInterfaceOrientationPortraitUpsideDown UIInterfaceOrientationLandscapeLeft UIInterfaceOrientationLandscapeRight";
				INFOPLIST_KEY_UISupportedInterfaceOrientations_iPhone = UIInterfaceOrientationPortrait;
				LD_RUNPATH_SEARCH_PATHS = (
					"$(inherited)",
					"@executable_path/Frameworks",
				);
				MARKETING_VERSION = 1.0;
				PRODUCT_BUNDLE_IDENTIFIER = com.raysuhyunlee.gpscamera;
				PRODUCT_NAME = "$(TARGET_NAME)";
				STRING_CATALOG_GENERATE_SYMBOLS = YES;
				SWIFT_APPROACHABLE_CONCURRENCY = YES;
				SWIFT_DEFAULT_ACTOR_ISOLATION = MainActor;
				SWIFT_EMIT_LOC_STRINGS = YES;
				SWIFT_UPCOMING_FEATURE_MEMBER_IMPORT_VISIBILITY = YES;
				SWIFT_VERSION = 5.0;
				TARGETED_DEVICE_FAMILY = "1,2";
			};
			name = Release;
		};
		AB0000000000000000000007 /* Debug */ = {
			isa = XCBuildConfiguration;
			buildSettings = {
				BUNDLE_LOADER = "$(TEST_HOST)";
				CODE_SIGN_STYLE = Automatic;
				CURRENT_PROJECT_VERSION = 1;
				DEVELOPMENT_TEAM = JT6WNXA7T8;
				GENERATE_INFOPLIST_FILE = YES;
				IPHONEOS_DEPLOYMENT_TARGET = 26.5;
				MARKETING_VERSION = 1.0;
				PRODUCT_BUNDLE_IDENTIFIER = com.raysuhyunlee.gpscameraTests;
				PRODUCT_NAME = "$(TARGET_NAME)";
				SWIFT_APPROACHABLE_CONCURRENCY = YES;
				SWIFT_DEFAULT_ACTOR_ISOLATION = MainActor;
				SWIFT_EMIT_LOC_STRINGS = NO;
				SWIFT_VERSION = 5.0;
				TARGETED_DEVICE_FAMILY = "1,2";
				TEST_HOST = "$(BUILT_PRODUCTS_DIR)/gpscamera.app/$(BUNDLE_EXECUTABLE_FOLDER_PATH)/gpscamera";
			};
			name = Debug;
		};
		AB0000000000000000000008 /* Release */ = {
			isa = XCBuildConfiguration;
			buildSettings = {
				BUNDLE_LOADER = "$(TEST_HOST)";
				CODE_SIGN_STYLE = Automatic;
				CURRENT_PROJECT_VERSION = 1;
				DEVELOPMENT_TEAM = JT6WNXA7T8;
				GENERATE_INFOPLIST_FILE = YES;
				IPHONEOS_DEPLOYMENT_TARGET = 26.5;
				MARKETING_VERSION = 1.0;
				PRODUCT_BUNDLE_IDENTIFIER = com.raysuhyunlee.gpscameraTests;
				PRODUCT_NAME = "$(TARGET_NAME)";
				SWIFT_APPROACHABLE_CONCURRENCY = YES;
				SWIFT_DEFAULT_ACTOR_ISOLATION = MainActor;
				SWIFT_EMIT_LOC_STRINGS = NO;
				SWIFT_VERSION = 5.0;
				TARGETED_DEVICE_FAMILY = "1,2";
				TEST_HOST = "$(BUILT_PRODUCTS_DIR)/gpscamera.app/$(BUNDLE_EXECUTABLE_FOLDER_PATH)/gpscamera";
			};
			name = Release;
		};
/* End XCBuildConfiguration section */

/* Begin XCConfigurationList section */
		71F74BBB2FF3C65C002FDBC2 /* Build configuration list for PBXProject "gpscamera" */ = {
			isa = XCConfigurationList;
			buildConfigurations = (
				71F74BC92FF3C65D002FDBC2 /* Debug */,
				71F74BCA2FF3C65D002FDBC2 /* Release */,
			);
			defaultConfigurationIsVisible = 0;
			defaultConfigurationName = Release;
		};
		71F74BCB2FF3C65D002FDBC2 /* Build configuration list for PBXNativeTarget "gpscamera" */ = {
			isa = XCConfigurationList;
			buildConfigurations = (
				71F74BCC2FF3C65D002FDBC2 /* Debug */,
				71F74BCD2FF3C65D002FDBC2 /* Release */,
			);
			defaultConfigurationIsVisible = 0;
			defaultConfigurationName = Release;
		};
		AB0000000000000000000009 /* Build configuration list for PBXNativeTarget "gpscameraTests" */ = {
			isa = XCConfigurationList;
			buildConfigurations = (
				AB0000000000000000000007 /* Debug */,
				AB0000000000000000000008 /* Release */,
			);
			defaultConfigurationIsVisible = 0;
			defaultConfigurationName = Release;
		};
/* End XCConfigurationList section */

/* Begin XCRemoteSwiftPackageReference section */
		AB000000000000000000000D /* XCRemoteSwiftPackageReference "purchases-ios-spm" */ = {
			isa = XCRemoteSwiftPackageReference;
			repositoryURL = "https://github.com/RevenueCat/purchases-ios-spm";
			requirement = {
				kind = upToNextMajorVersion;
				minimumVersion = 5.60.0;
			};
		};
		AB000000000000000000000F /* XCRemoteSwiftPackageReference "firebase-ios-sdk" */ = {
			isa = XCRemoteSwiftPackageReference;
			repositoryURL = "https://github.com/firebase/firebase-ios-sdk";
			requirement = {
				kind = upToNextMajorVersion;
				minimumVersion = 12.0.0;
			};
		};
		AB0000000000000000000012 /* XCRemoteSwiftPackageReference "lottie-ios" */ = {
			isa = XCRemoteSwiftPackageReference;
			repositoryURL = "https://github.com/airbnb/lottie-ios";
			requirement = {
				kind = upToNextMajorVersion;
				minimumVersion = 4.5.0;
			};
		};
		AB0000000000000000000015 /* XCRemoteSwiftPackageReference "swift-package-manager-google-mobile-ads" */ = {
			isa = XCRemoteSwiftPackageReference;
			repositoryURL = "https://github.com/googleads/swift-package-manager-google-mobile-ads";
			requirement = {
				kind = upToNextMajorVersion;
				minimumVersion = 12.0.0;
			};
		};
/* End XCRemoteSwiftPackageReference section */

/* Begin XCSwiftPackageProductDependency section */
		AB000000000000000000000E /* RevenueCat */ = {
			isa = XCSwiftPackageProductDependency;
			package = AB000000000000000000000D /* XCRemoteSwiftPackageReference "purchases-ios-spm" */;
			productName = RevenueCat;
		};
		AB0000000000000000000010 /* FirebaseAnalytics */ = {
			isa = XCSwiftPackageProductDependency;
			package = AB000000000000000000000F /* XCRemoteSwiftPackageReference "firebase-ios-sdk" */;
			productName = FirebaseAnalytics;
		};
		AB0000000000000000000011 /* FirebaseCrashlytics */ = {
			isa = XCSwiftPackageProductDependency;
			package = AB000000000000000000000F /* XCRemoteSwiftPackageReference "firebase-ios-sdk" */;
			productName = FirebaseCrashlytics;
		};
		AB0000000000000000000013 /* Lottie */ = {
			isa = XCSwiftPackageProductDependency;
			package = AB0000000000000000000012 /* XCRemoteSwiftPackageReference "lottie-ios" */;
			productName = Lottie;
		};
		AB0000000000000000000016 /* GoogleMobileAds */ = {
			isa = XCSwiftPackageProductDependency;
			package = AB0000000000000000000015 /* XCRemoteSwiftPackageReference "swift-package-manager-google-mobile-ads" */;
			productName = GoogleMobileAds;
		};
/* End XCSwiftPackageProductDependency section */
	};
	rootObject = 71F74BB82FF3C65C002FDBC2 /* Project object */;
}
