{
  "originHash" : "a3bcaa15a454fa7370ad47de0b4a365f92876b40d5fa0a3e490eb29c4688cd7b",
  "pins" : [
    {
      "identity" : "purchases-ios-spm",
      "kind" : "remoteSourceControl",
      "location" : "https://github.com/RevenueCat/purchases-ios-spm",
      "state" : {
        "revision" : "6fcd89a5d6db067081148f0436a7c55d54f36d21",
        "version" : "5.80.2"
      }
    }
  ],
  "version" : 3
}
